
Microsoft Visual Studio Solution File, Format Version 12.00
# Visual Studio Version 17
VisualStudioVersion = 17.10.35027.167
MinimumVisualStudioVersion = 10.0.40219.1
Project("{FAE04EC0-301F-11D3-BF4B-00C04F79EFBC}") = "Gado_CQMS", "Gado_CQMS\Gado_CQMS.csproj", "{517F1297-D457-43DA-AB99-52BE3DA9DAB1}"
EndProject
Global
	GlobalSection(SolutionConfigurationPlatforms) = preSolution
		Debug|Any CPU = Debug|Any CPU
		Release|Any CPU = Release|Any CPU
	EndGlobalSection
	GlobalSection(ProjectConfigurationPlatforms) = postSolution
		{517F1297-D457-43DA-AB99-52BE3DA9DAB1}.Debug|Any CPU.ActiveCfg = Debug|Any CPU
		{517F1297-D457-43DA-AB99-52BE3DA9DAB1}.Debug|Any CPU.Build.0 = Debug|Any CPU
		{517F1297-D457-43DA-AB99-52BE3DA9DAB1}.Release|Any CPU.ActiveCfg = Release|Any CPU
		{517F1297-D457-43DA-AB99-52BE3DA9DAB1}.Release|Any CPU.Build.0 = Release|Any CPU
	EndGlobalSection
	GlobalSection(SolutionProperties) = preSolution
		HideSolutionNode = FALSE
	EndGlobalSection
	GlobalSection(ExtensibilityGlobals) = postSolution
		SolutionGuid = {ED53BD88-E367-4202-8D9A-AB96D0E69EC4}
	EndGlobalSection
EndGlobal
